
Microsoft Visual Studio Solution File, Format Version 12.00
# Visual Studio Version 17
VisualStudioVersion = 17.0.31903.59
MinimumVisualStudioVersion = 10.0.40219.1
Project("{9A19103F-16F7-4668-BE54-9A1E7A4F7556}") = "AdventOfCode2022.Day1", "AdventOfCode2022.Day1\AdventOfCode2022.Day1.csproj", "{1C152662-8C2B-4598-9A1D-6EA242C0FD41}"
EndProject
Project("{9A19103F-16F7-4668-BE54-9A1E7A4F7556}") = "AdventOfCode2022.Day2", "AdventOfCode2022.Day2\AdventOfCode2022.Day2.csproj", "{B327754C-7CA9-4C5B-A512-267CFF46582F}"
EndProject
Project("{9A19103F-16F7-4668-BE54-9A1E7A4F7556}") = "AdventOfCode2022.Day3", "AdventOfCode2022.Day3\AdventOfCode2022.Day3.csproj", "{5177C573-453E-495A-B4D8-FF801C2EB9BC}"
EndProject
Project("{9A19103F-16F7-4668-BE54-9A1E7A4F7556}") = "AdventOfCode2022.Day4", "AdventOfCode2022.Day4\AdventOfCode2022.Day4.csproj", "{D29AA0E9-7428-4D4C-B677-7C58D7EC32AA}"
EndProject
Project("{9A19103F-16F7-4668-BE54-9A1E7A4F7556}") = "AdventOfCode2022.Day5", "AdventOfCode2022.Day5\AdventOfCode2022.Day5.csproj", "{50EA610E-CDC9-4A04-96B0-4D5FB29EE131}"
EndProject
Project("{9A19103F-16F7-4668-BE54-9A1E7A4F7556}") = "AdventOfCode2022.Day6", "AdventOfCode2022.Day6\AdventOfCode2022.Day6.csproj", "{1F26C39F-700F-456F-A552-018DE379D909}"
EndProject
Project("{9A19103F-16F7-4668-BE54-9A1E7A4F7556}") = "AdventOfCode2022.Day7", "AdventOfCode2022.Day7\AdventOfCode2022.Day7.csproj", "{630D03F6-2500-43DE-9938-187C32E1FBD6}"
EndProject
Project("{9A19103F-16F7-4668-BE54-9A1E7A4F7556}") = "AdventOfCode2022.Day8", "AdventOfCode2022.Day8\AdventOfCode2022.Day8.csproj", "{E4368DB8-82BB-424F-8C12-64A8E3257C19}"
EndProject
Project("{FAE04EC0-301F-11D3-BF4B-00C04F79EFBC}") = "AdventOfCode2022.Day9", "AdventOfCode2022.Day9\AdventOfCode2022.Day9.csproj", "{F15663B1-5CCB-4958-A552-11152CA56CCE}"
EndProject
Project("{FAE04EC0-301F-11D3-BF4B-00C04F79EFBC}") = "AdventOfCode2022.Day10", "AdventOfCode2022.Day10\AdventOfCode2022.Day10.csproj", "{1A55DE65-1E38-408E-B2F2-73656766CE5E}"
EndProject
Global
	GlobalSection(SolutionConfigurationPlatforms) = preSolution
		Debug|Any CPU = Debug|Any CPU
		Release|Any CPU = Release|Any CPU
	EndGlobalSection
	GlobalSection(ProjectConfigurationPlatforms) = postSolution
		{1C152662-8C2B-4598-9A1D-6EA242C0FD41}.Debug|Any CPU.ActiveCfg = Debug|Any CPU
		{1C152662-8C2B-4598-9A1D-6EA242C0FD41}.Debug|Any CPU.Build.0 = Debug|Any CPU
		{1C152662-8C2B-4598-9A1D-6EA242C0FD41}.Release|Any CPU.ActiveCfg = Release|Any CPU
		{1C152662-8C2B-4598-9A1D-6EA242C0FD41}.Release|Any CPU.Build.0 = Release|Any CPU
		{B327754C-7CA9-4C5B-A512-267CFF46582F}.Debug|Any CPU.ActiveCfg = Debug|Any CPU
		{B327754C-7CA9-4C5B-A512-267CFF46582F}.Debug|Any CPU.Build.0 = Debug|Any CPU
		{B327754C-7CA9-4C5B-A512-267CFF46582F}.Release|Any CPU.ActiveCfg = Release|Any CPU
		{B327754C-7CA9-4C5B-A512-267CFF46582F}.Release|Any CPU.Build.0 = Release|Any CPU
		{5177C573-453E-495A-B4D8-FF801C2EB9BC}.Debug|Any CPU.ActiveCfg = Debug|Any CPU
		{5177C573-453E-495A-B4D8-FF801C2EB9BC}.Debug|Any CPU.Build.0 = Debug|Any CPU
		{5177C573-453E-495A-B4D8-FF801C2EB9BC}.Release|Any CPU.ActiveCfg = Release|Any CPU
		{5177C573-453E-495A-B4D8-FF801C2EB9BC}.Release|Any CPU.Build.0 = Release|Any CPU
		{D29AA0E9-7428-4D4C-B677-7C58D7EC32AA}.Debug|Any CPU.ActiveCfg = Debug|Any CPU
		{D29AA0E9-7428-4D4C-B677-7C58D7EC32AA}.Debug|Any CPU.Build.0 = Debug|Any CPU
		{D29AA0E9-7428-4D4C-B677-7C58D7EC32AA}.Release|Any CPU.ActiveCfg = Release|Any CPU
		{D29AA0E9-7428-4D4C-B677-7C58D7EC32AA}.Release|Any CPU.Build.0 = Release|Any CPU
		{50EA610E-CDC9-4A04-96B0-4D5FB29EE131}.Debug|Any CPU.ActiveCfg = Debug|Any CPU
		{50EA610E-CDC9-4A04-96B0-4D5FB29EE131}.Debug|Any CPU.Build.0 = Debug|Any CPU
		{50EA610E-CDC9-4A04-96B0-4D5FB29EE131}.Release|Any CPU.ActiveCfg = Release|Any CPU
		{50EA610E-CDC9-4A04-96B0-4D5FB29EE131}.Release|Any CPU.Build.0 = Release|Any CPU
		{1F26C39F-700F-456F-A552-018DE379D909}.Debug|Any CPU.ActiveCfg = Debug|Any CPU
		{1F26C39F-700F-456F-A552-018DE379D909}.Debug|Any CPU.Build.0 = Debug|Any CPU
		{1F26C39F-700F-456F-A552-018DE379D909}.Release|Any CPU.ActiveCfg = Release|Any CPU
		{1F26C39F-700F-456F-A552-018DE379D909}.Release|Any CPU.Build.0 = Release|Any CPU
		{630D03F6-2500-43DE-9938-187C32E1FBD6}.Debug|Any CPU.ActiveCfg = Debug|Any CPU
		{630D03F6-2500-43DE-9938-187C32E1FBD6}.Debug|Any CPU.Build.0 = Debug|Any CPU
		{630D03F6-2500-43DE-9938-187C32E1FBD6}.Release|Any CPU.ActiveCfg = Release|Any CPU
		{630D03F6-2500-43DE-9938-187C32E1FBD6}.Release|Any CPU.Build.0 = Release|Any CPU
		{E4368DB8-82BB-424F-8C12-64A8E3257C19}.Debug|Any CPU.ActiveCfg = Debug|Any CPU
		{E4368DB8-82BB-424F-8C12-64A8E3257C19}.Debug|Any CPU.Build.0 = Debug|Any CPU
		{E4368DB8-82BB-424F-8C12-64A8E3257C19}.Release|Any CPU.ActiveCfg = Release|Any CPU
		{E4368DB8-82BB-424F-8C12-64A8E3257C19}.Release|Any CPU.Build.0 = Release|Any CPU
		{F15663B1-5CCB-4958-A552-11152CA56CCE}.Debug|Any CPU.ActiveCfg = Debug|Any CPU
		{F15663B1-5CCB-4958-A552-11152CA56CCE}.Debug|Any CPU.Build.0 = Debug|Any CPU
		{F15663B1-5CCB-4958-A552-11152CA56CCE}.Release|Any CPU.ActiveCfg = Release|Any CPU
		{F15663B1-5CCB-4958-A552-11152CA56CCE}.Release|Any CPU.Build.0 = Release|Any CPU
		{1A55DE65-1E38-408E-B2F2-73656766CE5E}.Debug|Any CPU.ActiveCfg = Debug|Any CPU
		{1A55DE65-1E38-408E-B2F2-73656766CE5E}.Debug|Any CPU.Build.0 = Debug|Any CPU
		{1A55DE65-1E38-408E-B2F2-73656766CE5E}.Release|Any CPU.ActiveCfg = Release|Any CPU
		{1A55DE65-1E38-408E-B2F2-73656766CE5E}.Release|Any CPU.Build.0 = Release|Any CPU
	EndGlobalSection
	GlobalSection(SolutionProperties) = preSolution
		HideSolutionNode = FALSE
	EndGlobalSection
	GlobalSection(ExtensibilityGlobals) = postSolution
		SolutionGuid = {34DFB88D-E910-45A7-AC26-CC47D5C025AE}
	EndGlobalSection
EndGlobal
